
Microsoft Visual Studio Solution File, Format Version 12.00
# Visual Studio Version 16
VisualStudioVersion = 16.0.31321.278
MinimumVisualStudioVersion = 10.0.40219.1
Project("{FAE04EC0-301F-11D3-BF4B-00C04F79EFBC}") = "backend", "backend\backend.csproj", "{F59BB290-92D5-4A9C-B3E3-9F67C0E4982C}"
EndProject
Global
	GlobalSection(SolutionConfigurationPlatforms) = preSolution
		Debug|Any CPU = Debug|Any CPU
		Release|Any CPU = Release|Any CPU
	EndGlobalSection
	GlobalSection(ProjectConfigurationPlatforms) = postSolution
		{F59BB290-92D5-4A9C-B3E3-9F67C0E4982C}.Debug|Any CPU.ActiveCfg = Debug|Any CPU
		{F59BB290-92D5-4A9C-B3E3-9F67C0E4982C}.Debug|Any CPU.Build.0 = Debug|Any CPU
		{F59BB290-92D5-4A9C-B3E3-9F67C0E4982C}.Release|Any CPU.ActiveCfg = Release|Any CPU
		{F59BB290-92D5-4A9C-B3E3-9F67C0E4982C}.Release|Any CPU.Build.0 = Release|Any CPU
	EndGlobalSection
	GlobalSection(SolutionProperties) = preSolution
		HideSolutionNode = FALSE
	EndGlobalSection
	GlobalSection(ExtensibilityGlobals) = postSolution
		SolutionGuid = {4FDC6067-F2FC-4413-90B2-3545309887D8}
	EndGlobalSection
EndGlobal
